
Microsoft Visual Studio Solution File, Format Version 12.00
# Visual Studio Version 17
VisualStudioVersion = 17.9.34728.123
MinimumVisualStudioVersion = 10.0.40219.1
Project("{9A19103F-16F7-4668-BE54-9A1E7A4F7556}") = "Utilities.Email", "Utilities.Email\Utilities.Email.csproj", "{9A735FC6-6811-44EC-9D67-7B7F65C7AB66}"
EndProject
Project("{FAE04EC0-301F-11D3-BF4B-00C04F79EFBC}") = "Utilities.Email.Tests", "Utilities.Email.Tests\Utilities.Email.Tests.csproj", "{FA5AAA41-AE94-4C1B-AF1E-2CAE8E3F7ACC}"
EndProject
Global
	GlobalSection(SolutionConfigurationPlatforms) = preSolution
		Debug|Any CPU = Debug|Any CPU
		Release|Any CPU = Release|Any CPU
	EndGlobalSection
	GlobalSection(ProjectConfigurationPlatforms) = postSolution
		{9A735FC6-6811-44EC-9D67-7B7F65C7AB66}.Debug|Any CPU.ActiveCfg = Debug|Any CPU
		{9A735FC6-6811-44EC-9D67-7B7F65C7AB66}.Debug|Any CPU.Build.0 = Debug|Any CPU
		{9A735FC6-6811-44EC-9D67-7B7F65C7AB66}.Release|Any CPU.ActiveCfg = Release|Any CPU
		{9A735FC6-6811-44EC-9D67-7B7F65C7AB66}.Release|Any CPU.Build.0 = Release|Any CPU
		{FA5AAA41-AE94-4C1B-AF1E-2CAE8E3F7ACC}.Debug|Any CPU.ActiveCfg = Debug|Any CPU
		{FA5AAA41-AE94-4C1B-AF1E-2CAE8E3F7ACC}.Debug|Any CPU.Build.0 = Debug|Any CPU
		{FA5AAA41-AE94-4C1B-AF1E-2CAE8E3F7ACC}.Release|Any CPU.ActiveCfg = Release|Any CPU
		{FA5AAA41-AE94-4C1B-AF1E-2CAE8E3F7ACC}.Release|Any CPU.Build.0 = Release|Any CPU
	EndGlobalSection
	GlobalSection(SolutionProperties) = preSolution
		HideSolutionNode = FALSE
	EndGlobalSection
	GlobalSection(ExtensibilityGlobals) = postSolution
		SolutionGuid = {60F59288-2AF3-4FDB-B50E-862C292FED46}
	EndGlobalSection
EndGlobal
